
Microsoft Visual Studio Solution File, Format Version 12.00
# Visual Studio Version 16
VisualStudioVersion = 16.0.31515.178
MinimumVisualStudioVersion = 10.0.40219.1
Project("{FAE04EC0-301F-11D3-BF4B-00C04F79EFBC}") = "FA.BookStore.Models", "FA.BookStore.Models\FA.BookStore.Models.csproj", "{8547B2EE-98B6-47F9-A48C-99D222DA0449}"
EndProject
Project("{FAE04EC0-301F-11D3-BF4B-00C04F79EFBC}") = "FA.BookStore.Data", "FA.BookStore.Data\FA.BookStore.Data.csproj", "{BFCBB491-E531-4421-A17A-54798B4C3B4D}"
EndProject
Project("{FAE04EC0-301F-11D3-BF4B-00C04F79EFBC}") = "FA.BookStore.Common", "FA.BookStore.Common\FA.BookStore.Common.csproj", "{BB1D5195-E428-438A-93C0-4AA821C84BBC}"
EndProject
Project("{FAE04EC0-301F-11D3-BF4B-00C04F79EFBC}") = "FA.BookStore.Services", "FA.BookStore.Services\FA.BookStore.Services.csproj", "{9F095D25-A16E-40F7-B41C-D62D54E58D21}"
EndProject
Project("{FAE04EC0-301F-11D3-BF4B-00C04F79EFBC}") = "FA.BookStore.WebMVC", "FA.BookStore.WebMVC\FA.BookStore.WebMVC.csproj", "{7F5EBCFB-76FE-41A2-9404-CBC0C1123FAA}"
EndProject
Global
	GlobalSection(SolutionConfigurationPlatforms) = preSolution
		Debug|Any CPU = Debug|Any CPU
		Release|Any CPU = Release|Any CPU
	EndGlobalSection
	GlobalSection(ProjectConfigurationPlatforms) = postSolution
		{8547B2EE-98B6-47F9-A48C-99D222DA0449}.Debug|Any CPU.ActiveCfg = Debug|Any CPU
		{8547B2EE-98B6-47F9-A48C-99D222DA0449}.Debug|Any CPU.Build.0 = Debug|Any CPU
		{8547B2EE-98B6-47F9-A48C-99D222DA0449}.Release|Any CPU.ActiveCfg = Release|Any CPU
		{8547B2EE-98B6-47F9-A48C-99D222DA0449}.Release|Any CPU.Build.0 = Release|Any CPU
		{BFCBB491-E531-4421-A17A-54798B4C3B4D}.Debug|Any CPU.ActiveCfg = Debug|Any CPU
		{BFCBB491-E531-4421-A17A-54798B4C3B4D}.Debug|Any CPU.Build.0 = Debug|Any CPU
		{BFCBB491-E531-4421-A17A-54798B4C3B4D}.Release|Any CPU.ActiveCfg = Release|Any CPU
		{BFCBB491-E531-4421-A17A-54798B4C3B4D}.Release|Any CPU.Build.0 = Release|Any CPU
		{BB1D5195-E428-438A-93C0-4AA821C84BBC}.Debug|Any CPU.ActiveCfg = Debug|Any CPU
		{BB1D5195-E428-438A-93C0-4AA821C84BBC}.Debug|Any CPU.Build.0 = Debug|Any CPU
		{BB1D5195-E428-438A-93C0-4AA821C84BBC}.Release|Any CPU.ActiveCfg = Release|Any CPU
		{BB1D5195-E428-438A-93C0-4AA821C84BBC}.Release|Any CPU.Build.0 = Release|Any CPU
		{9F095D25-A16E-40F7-B41C-D62D54E58D21}.Debug|Any CPU.ActiveCfg = Debug|Any CPU
		{9F095D25-A16E-40F7-B41C-D62D54E58D21}.Debug|Any CPU.Build.0 = Debug|Any CPU
		{9F095D25-A16E-40F7-B41C-D62D54E58D21}.Release|Any CPU.ActiveCfg = Release|Any CPU
		{9F095D25-A16E-40F7-B41C-D62D54E58D21}.Release|Any CPU.Build.0 = Release|Any CPU
		{7F5EBCFB-76FE-41A2-9404-CBC0C1123FAA}.Debug|Any CPU.ActiveCfg = Debug|Any CPU
		{7F5EBCFB-76FE-41A2-9404-CBC0C1123FAA}.Debug|Any CPU.Build.0 = Debug|Any CPU
		{7F5EBCFB-76FE-41A2-9404-CBC0C1123FAA}.Release|Any CPU.ActiveCfg = Release|Any CPU
		{7F5EBCFB-76FE-41A2-9404-CBC0C1123FAA}.Release|Any CPU.Build.0 = Release|Any CPU
	EndGlobalSection
	GlobalSection(SolutionProperties) = preSolution
		HideSolutionNode = FALSE
	EndGlobalSection
	GlobalSection(ExtensibilityGlobals) = postSolution
		SolutionGuid = {6DF61AD3-A75C-4B68-AD88-B6779F4D9198}
	EndGlobalSection
EndGlobal
